
Microsoft Visual Studio Solution File, Format Version 12.00
# Visual Studio Version 17
VisualStudioVersion = 17.13.35919.96 d17.13
MinimumVisualStudioVersion = 10.0.40219.1
Project("{FAE04EC0-301F-11D3-BF4B-00C04F79EFBC}") = "LeveManagementSystem.Web", "LeveManagementSystem.Web\LeveManagementSystem.Web.csproj", "{45EDA5BD-C0B2-4B52-B98A-7B1774AF2CF4}"
EndProject
Global
	GlobalSection(SolutionConfigurationPlatforms) = preSolution
		Debug|Any CPU = Debug|Any CPU
		Release|Any CPU = Release|Any CPU
	EndGlobalSection
	GlobalSection(ProjectConfigurationPlatforms) = postSolution
		{45EDA5BD-C0B2-4B52-B98A-7B1774AF2CF4}.Debug|Any CPU.ActiveCfg = Debug|Any CPU
		{45EDA5BD-C0B2-4B52-B98A-7B1774AF2CF4}.Debug|Any CPU.Build.0 = Debug|Any CPU
		{45EDA5BD-C0B2-4B52-B98A-7B1774AF2CF4}.Release|Any CPU.ActiveCfg = Release|Any CPU
		{45EDA5BD-C0B2-4B52-B98A-7B1774AF2CF4}.Release|Any CPU.Build.0 = Release|Any CPU
	EndGlobalSection
	GlobalSection(SolutionProperties) = preSolution
		HideSolutionNode = FALSE
	EndGlobalSection
	GlobalSection(ExtensibilityGlobals) = postSolution
		SolutionGuid = {A66C3612-D6DC-4B96-A77C-3BCCFAEBF0F2}
	EndGlobalSection
EndGlobal
